{
    "symfony/browser-kit": {
        "version": "v4.2.3"
    },
    "symfony/css-selector": {
        "version": "v4.2.3"
    },
    "symfony/dom-crawler": {
        "version": "v4.2.3"
    },
    "symfony/phpunit-bridge": {
        "version": "4.1",
        "recipe": {
            "repo": "github.com/symfony/recipes",
            "branch": "master",
            "version": "4.1",
            "ref": "9dbf01cf67d791746ec772fe274c4d91cbf3c9ec"
        }
    },
    "symfony/polyfill-intl-idn": {
        "version": "v1.11.0"
    },
    "symfony/test-pack": {
        "version": "v1.0.5"
    }
}
